<?xml version="1.0" encoding="utf-8"?>
<Project ToolsVersion="4.0" xmlns="http://schemas.microsoft.com/developer/msbuild/2003">
  <ItemGroup>
    <Filter Include="Source Files">
      <UniqueIdentifier>{4FC737F1-C7A5-4376-A066-2A32D752A2FF}</UniqueIdentifier>
      <Extensions>cpp;c;cc;cxx;def;odl;idl;hpj;bat;asm;asmx</Extensions>
    </Filter>
    <Filter Include="Header Files">
      <UniqueIdentifier>{93995380-89BD-4b04-88EB-625FBE52EBFB}</UniqueIdentifier>
      <Extensions>h;hh;hpp;hxx;hm;inl;inc;ipp;xsd</Extensions>
    </Filter>
    <Filter Include="Resource Files">
      <UniqueIdentifier>{67DA6AB6-F800-4c08-8B7A-83BB121AAD01}</UniqueIdentifier>
      <Extensions>rc;ico;cur;bmp;dlg;rc2;rct;bin;rgs;gif;jpg;jpeg;jpe;resx;tiff;tif;png;wav;mfcribbon-ms</Extensions>
    </Filter>
  </ItemGroup>
  <ItemGroup>
    <ClCompile Include="main.cpp">
      <Filter>Source Files</Filter>
    </ClCompile>
    <ClCompile Include="abc086\A.cpp">
      <Filter>Source Files</Filter>
    </ClCompile>
    <ClCompile Include="abc081\A.cpp">
      <Filter>Source Files</Filter>
    </ClCompile>
    <ClCompile Include="abc081\B.cpp">
      <Filter>Source Files</Filter>
    </ClCompile>
    <ClCompile Include="abc087\B.cpp">
      <Filter>Source Files</Filter>
    </ClCompile>
    <ClCompile Include="abc083\B.cpp">
      <Filter>Source Files</Filter>
    </ClCompile>
    <ClCompile Include="abc123\A.cpp">
      <Filter>Source Files</Filter>
    </ClCompile>
    <ClCompile Include="abc123\B.cpp">
      <Filter>Source Files</Filter>
    </ClCompile>
    <ClCompile Include="abc123\C.cpp">
      <Filter>Source Files</Filter>
    </ClCompile>
    <ClCompile Include="abc124\A.cpp">
      <Filter>Source Files</Filter>
    </ClCompile>
    <ClCompile Include="abc124\B.cpp">
      <Filter>Source Files</Filter>
    </ClCompile>
    <ClCompile Include="abc124\C.cpp">
      <Filter>Source Files</Filter>
    </ClCompile>
  </ItemGroup>
  <ItemGroup>
    <ClInclude Include="abc120\A.h">
      <Filter>Header Files</Filter>
    </ClInclude>
    <ClInclude Include="abc120\B.h">
      <Filter>Header Files</Filter>
    </ClInclude>
    <ClInclude Include="abc120\C.h">
      <Filter>Header Files</Filter>
    </ClInclude>
    <ClInclude Include="abc121\A.h">
      <Filter>Header Files</Filter>
    </ClInclude>
    <ClInclude Include="abc121\B.h">
      <Filter>Header Files</Filter>
    </ClInclude>
    <ClInclude Include="abc121\C.h">
      <Filter>Header Files</Filter>
    </ClInclude>
    <ClInclude Include="abc121\D.h">
      <Filter>Header Files</Filter>
    </ClInclude>
    <ClInclude Include="abc086\A.h">
      <Filter>Header Files</Filter>
    </ClInclude>
    <ClInclude Include="abc081\A.h">
      <Filter>Header Files</Filter>
    </ClInclude>
    <ClInclude Include="abc081\B.h">
      <Filter>Header Files</Filter>
    </ClInclude>
    <ClInclude Include="abc087\B.h">
      <Filter>Header Files</Filter>
    </ClInclude>
    <ClInclude Include="abc083\B.h">
      <Filter>Header Files</Filter>
    </ClInclude>
    <ClInclude Include="abc123\A.h">
      <Filter>Header Files</Filter>
    </ClInclude>
    <ClInclude Include="abc123\B.h">
      <Filter>Header Files</Filter>
    </ClInclude>
    <ClInclude Include="abc123\C.h">
      <Filter>Header Files</Filter>
    </ClInclude>
    <ClInclude Include="abc124\A.h">
      <Filter>Header Files</Filter>
    </ClInclude>
    <ClInclude Include="abc124\B.h">
      <Filter>Header Files</Filter>
    </ClInclude>
    <ClInclude Include="abc124\C.h">
      <Filter>Header Files</Filter>
    </ClInclude>
  </ItemGroup>
</Project>